
Microsoft Visual Studio Solution File, Format Version 12.00
# Visual Studio Version 17
VisualStudioVersion = 17.6.33723.286
MinimumVisualStudioVersion = 10.0.40219.1
Project("{FAE04EC0-301F-11D3-BF4B-00C04F79EFBC}") = "GoF_Memento Pattern", "GoF_Memento Pattern.csproj", "{18AC7286-62A5-43E6-B1FE-827A35528C1C}"
EndProject
Global
	GlobalSection(SolutionConfigurationPlatforms) = preSolution
		Debug|Any CPU = Debug|Any CPU
		Release|Any CPU = Release|Any CPU
	EndGlobalSection
	GlobalSection(ProjectConfigurationPlatforms) = postSolution
		{18AC7286-62A5-43E6-B1FE-827A35528C1C}.Debug|Any CPU.ActiveCfg = Debug|Any CPU
		{18AC7286-62A5-43E6-B1FE-827A35528C1C}.Debug|Any CPU.Build.0 = Debug|Any CPU
		{18AC7286-62A5-43E6-B1FE-827A35528C1C}.Release|Any CPU.ActiveCfg = Release|Any CPU
		{18AC7286-62A5-43E6-B1FE-827A35528C1C}.Release|Any CPU.Build.0 = Release|Any CPU
	EndGlobalSection
	GlobalSection(SolutionProperties) = preSolution
		HideSolutionNode = FALSE
	EndGlobalSection
	GlobalSection(ExtensibilityGlobals) = postSolution
		SolutionGuid = {43592002-7559-4A06-88E9-03572E95589D}
	EndGlobalSection
EndGlobal
